// !$*UTF8*$!
{
	archiveVersion = 1;
	classes = {
	};
	objectVersion = 46;
	objects = {

/* Begin PBXBuildFile section */
		51F2BC3E1BE92518008112B0 /* AppDelegate.swift in Sources */ = {isa = PBXBuildFile; fileRef = 51F2BC3D1BE92518008112B0 /* AppDelegate.swift */; };
		51F2BC431BE92518008112B0 /* Main.storyboard in Resources */ = {isa = PBXBuildFile; fileRef = 51F2BC411BE92518008112B0 /* Main.storyboard */; };
		51F2BC451BE92518008112B0 /* Assets.xcassets in Resources */ = {isa = PBXBuildFile; fileRef = 51F2BC441BE92518008112B0 /* Assets.xcassets */; };
		51F2BC481BE92518008112B0 /* LaunchScreen.storyboard in Resources */ = {isa = PBXBuildFile; fileRef = 51F2BC461BE92518008112B0 /* LaunchScreen.storyboard */; };
		51F2BC541BE9253C008112B0 /* SGGameServer.swift in Sources */ = {isa = PBXBuildFile; fileRef = 51F2BC511BE9253C008112B0 /* SGGameServer.swift */; };
		51F2BC551BE9253C008112B0 /* SGGameServerNetService.swift in Sources */ = {isa = PBXBuildFile; fileRef = 51F2BC521BE9253C008112B0 /* SGGameServerNetService.swift */; };
		51F2BC561BE9253C008112B0 /* GCDAsyncSocket+ServerHelpers.swift in Sources */ = {isa = PBXBuildFile; fileRef = 51F2BC531BE9253C008112B0 /* GCDAsyncSocket+ServerHelpers.swift */; };
		51F2BC591BE9254A008112B0 /* SGGameClient.swift in Sources */ = {isa = PBXBuildFile; fileRef = 51F2BC571BE9254A008112B0 /* SGGameClient.swift */; };
		51F2BC5A1BE9254A008112B0 /* SGGameClientNetServiceBrowser.swift in Sources */ = {isa = PBXBuildFile; fileRef = 51F2BC581BE9254A008112B0 /* SGGameClientNetServiceBrowser.swift */; };
		51F2BC5C1BE92567008112B0 /* CocoaAsyncSocket.framework in Frameworks */ = {isa = PBXBuildFile; fileRef = 51F2BC5B1BE92567008112B0 /* CocoaAsyncSocket.framework */; };
		51F2BC5E1BE92592008112B0 /* SGGamePlayer.swift in Sources */ = {isa = PBXBuildFile; fileRef = 51F2BC5D1BE92592008112B0 /* SGGamePlayer.swift */; };
		51F2BC601BE92620008112B0 /* SGGamePacket.swift in Sources */ = {isa = PBXBuildFile; fileRef = 51F2BC5F1BE92620008112B0 /* SGGamePacket.swift */; };
		51F2BC621BE929D1008112B0 /* GCDAsyncSocket+ClientHelpers.swift in Sources */ = {isa = PBXBuildFile; fileRef = 51F2BC611BE929D1008112B0 /* GCDAsyncSocket+ClientHelpers.swift */; };
		51F2BC681BE92C1F008112B0 /* HostViewController.swift in Sources */ = {isa = PBXBuildFile; fileRef = 51F2BC671BE92C1F008112B0 /* HostViewController.swift */; };
		51F2BC6A1BE92C26008112B0 /* JoinViewController.swift in Sources */ = {isa = PBXBuildFile; fileRef = 51F2BC691BE92C26008112B0 /* JoinViewController.swift */; };
		51F2BC6C1BE93264008112B0 /* GameViewController.swift in Sources */ = {isa = PBXBuildFile; fileRef = 51F2BC6B1BE93264008112B0 /* GameViewController.swift */; };
		51F2BC6E1BE93938008112B0 /* CocoaAsyncSocket.framework in Embed Frameworks */ = {isa = PBXBuildFile; fileRef = 51F2BC5B1BE92567008112B0 /* CocoaAsyncSocket.framework */; settings = {ATTRIBUTES = (CodeSignOnCopy, RemoveHeadersOnCopy, ); }; };
/* End PBXBuildFile section */

/* Begin PBXCopyFilesBuildPhase section */
		51F2BC6F1BE93938008112B0 /* Embed Frameworks */ = {
			isa = PBXCopyFilesBuildPhase;
			buildActionMask = 2147483647;
			dstPath = "";
			dstSubfolderSpec = 10;
			files = (
				51F2BC6E1BE93938008112B0 /* CocoaAsyncSocket.framework in Embed Frameworks */,
			);
			name = "Embed Frameworks";
			runOnlyForDeploymentPostprocessing = 0;
		};
/* End PBXCopyFilesBuildPhase section */

/* Begin PBXFileReference section */
		51F2BC3A1BE92518008112B0 /* SGGameNetworking.app */ = {isa = PBXFileReference; explicitFileType = wrapper.application; includeInIndex = 0; path = SGGameNetworking.app; sourceTree = BUILT_PRODUCTS_DIR; };
		51F2BC3D1BE92518008112B0 /* AppDelegate.swift */ = {isa = PBXFileReference; lastKnownFileType = sourcecode.swift; path = AppDelegate.swift; sourceTree = "<group>"; };
		51F2BC421BE92518008112B0 /* Base */ = {isa = PBXFileReference; lastKnownFileType = file.storyboard; name = Base; path = Base.lproj/Main.storyboard; sourceTree = "<group>"; };
		51F2BC441BE92518008112B0 /* Assets.xcassets */ = {isa = PBXFileReference; lastKnownFileType = folder.assetcatalog; path = Assets.xcassets; sourceTree = "<group>"; };
		51F2BC471BE92518008112B0 /* Base */ = {isa = PBXFileReference; lastKnownFileType = file.storyboard; name = Base; path = Base.lproj/LaunchScreen.storyboard; sourceTree = "<group>"; };
		51F2BC491BE92518008112B0 /* Info.plist */ = {isa = PBXFileReference; lastKnownFileType = text.plist.xml; path = Info.plist; sourceTree = "<group>"; };
		51F2BC511BE9253C008112B0 /* SGGameServer.swift */ = {isa = PBXFileReference; fileEncoding = 4; lastKnownFileType = sourcecode.swift; path = SGGameServer.swift; sourceTree = "<group>"; };
		51F2BC521BE9253C008112B0 /* SGGameServerNetService.swift */ = {isa = PBXFileReference; fileEncoding = 4; lastKnownFileType = sourcecode.swift; path = SGGameServerNetService.swift; sourceTree = "<group>"; };
		51F2BC531BE9253C008112B0 /* GCDAsyncSocket+ServerHelpers.swift */ = {isa = PBXFileReference; fileEncoding = 4; lastKnownFileType = sourcecode.swift; path = "GCDAsyncSocket+ServerHelpers.swift"; sourceTree = "<group>"; };
		51F2BC571BE9254A008112B0 /* SGGameClient.swift */ = {isa = PBXFileReference; fileEncoding = 4; lastKnownFileType = sourcecode.swift; path = SGGameClient.swift; sourceTree = "<group>"; };
		51F2BC581BE9254A008112B0 /* SGGameClientNetServiceBrowser.swift */ = {isa = PBXFileReference; fileEncoding = 4; lastKnownFileType = sourcecode.swift; path = SGGameClientNetServiceBrowser.swift; sourceTree = "<group>"; };
		51F2BC5B1BE92567008112B0 /* CocoaAsyncSocket.framework */ = {isa = PBXFileReference; lastKnownFileType = wrapper.framework; path = CocoaAsyncSocket.framework; sourceTree = "<group>"; };
		51F2BC5D1BE92592008112B0 /* SGGamePlayer.swift */ = {isa = PBXFileReference; fileEncoding = 4; lastKnownFileType = sourcecode.swift; path = SGGamePlayer.swift; sourceTree = "<group>"; };
		51F2BC5F1BE92620008112B0 /* SGGamePacket.swift */ = {isa = PBXFileReference; fileEncoding = 4; lastKnownFileType = sourcecode.swift; path = SGGamePacket.swift; sourceTree = "<group>"; };
		51F2BC611BE929D1008112B0 /* GCDAsyncSocket+ClientHelpers.swift */ = {isa = PBXFileReference; fileEncoding = 4; lastKnownFileType = sourcecode.swift; path = "GCDAsyncSocket+ClientHelpers.swift"; sourceTree = "<group>"; };
		51F2BC671BE92C1F008112B0 /* HostViewController.swift */ = {isa = PBXFileReference; fileEncoding = 4; lastKnownFileType = sourcecode.swift; path = HostViewController.swift; sourceTree = "<group>"; };
		51F2BC691BE92C26008112B0 /* JoinViewController.swift */ = {isa = PBXFileReference; fileEncoding = 4; lastKnownFileType = sourcecode.swift; path = JoinViewController.swift; sourceTree = "<group>"; };
		51F2BC6B1BE93264008112B0 /* GameViewController.swift */ = {isa = PBXFileReference; fileEncoding = 4; lastKnownFileType = sourcecode.swift; path = GameViewController.swift; sourceTree = "<group>"; };
/* End PBXFileReference section */

/* Begin PBXFrameworksBuildPhase section */
		51F2BC371BE92518008112B0 /* Frameworks */ = {
			isa = PBXFrameworksBuildPhase;
			buildActionMask = 2147483647;
			files = (
				51F2BC5C1BE92567008112B0 /* CocoaAsyncSocket.framework in Frameworks */,
			);
			runOnlyForDeploymentPostprocessing = 0;
		};
/* End PBXFrameworksBuildPhase section */

/* Begin PBXGroup section */
		51F2BC311BE92518008112B0 = {
			isa = PBXGroup;
			children = (
				51F2BC5B1BE92567008112B0 /* CocoaAsyncSocket.framework */,
				51F2BC3C1BE92518008112B0 /* SGGameNetworking */,
				51F2BC3B1BE92518008112B0 /* Products */,
			);
			sourceTree = "<group>";
		};
		51F2BC3B1BE92518008112B0 /* Products */ = {
			isa = PBXGroup;
			children = (
				51F2BC3A1BE92518008112B0 /* SGGameNetworking.app */,
			);
			name = Products;
			sourceTree = "<group>";
		};
		51F2BC3C1BE92518008112B0 /* SGGameNetworking */ = {
			isa = PBXGroup;
			children = (
				51F2BC661BE92C0B008112B0 /* Example */,
				51F2BC651BE92A0C008112B0 /* SGGameNetworking */,
				51F2BC3D1BE92518008112B0 /* AppDelegate.swift */,
				51F2BC411BE92518008112B0 /* Main.storyboard */,
				51F2BC441BE92518008112B0 /* Assets.xcassets */,
				51F2BC461BE92518008112B0 /* LaunchScreen.storyboard */,
				51F2BC491BE92518008112B0 /* Info.plist */,
			);
			path = SGGameNetworking;
			sourceTree = "<group>";
		};
		51F2BC4F1BE92527008112B0 /* Client */ = {
			isa = PBXGroup;
			children = (
				51F2BC631BE929E9008112B0 /* Extensions */,
				51F2BC571BE9254A008112B0 /* SGGameClient.swift */,
				51F2BC581BE9254A008112B0 /* SGGameClientNetServiceBrowser.swift */,
			);
			name = Client;
			sourceTree = "<group>";
		};
		51F2BC501BE9252B008112B0 /* Server */ = {
			isa = PBXGroup;
			children = (
				51F2BC641BE929EF008112B0 /* Extensions */,
				51F2BC511BE9253C008112B0 /* SGGameServer.swift */,
				51F2BC521BE9253C008112B0 /* SGGameServerNetService.swift */,
			);
			name = Server;
			sourceTree = "<group>";
		};
		51F2BC631BE929E9008112B0 /* Extensions */ = {
			isa = PBXGroup;
			children = (
				51F2BC611BE929D1008112B0 /* GCDAsyncSocket+ClientHelpers.swift */,
			);
			name = Extensions;
			sourceTree = "<group>";
		};
		51F2BC641BE929EF008112B0 /* Extensions */ = {
			isa = PBXGroup;
			children = (
				51F2BC531BE9253C008112B0 /* GCDAsyncSocket+ServerHelpers.swift */,
			);
			name = Extensions;
			sourceTree = "<group>";
		};
		51F2BC651BE92A0C008112B0 /* SGGameNetworking */ = {
			isa = PBXGroup;
			children = (
				51F2BC5F1BE92620008112B0 /* SGGamePacket.swift */,
				51F2BC5D1BE92592008112B0 /* SGGamePlayer.swift */,
				51F2BC501BE9252B008112B0 /* Server */,
				51F2BC4F1BE92527008112B0 /* Client */,
			);
			name = SGGameNetworking;
			sourceTree = "<group>";
		};
		51F2BC661BE92C0B008112B0 /* Example */ = {
			isa = PBXGroup;
			children = (
				51F2BC671BE92C1F008112B0 /* HostViewController.swift */,
				51F2BC691BE92C26008112B0 /* JoinViewController.swift */,
				51F2BC6B1BE93264008112B0 /* GameViewController.swift */,
			);
			name = Example;
			sourceTree = "<group>";
		};
/* End PBXGroup section */

/* Begin PBXNativeTarget section */
		51F2BC391BE92518008112B0 /* SGGameNetworking */ = {
			isa = PBXNativeTarget;
			buildConfigurationList = 51F2BC4C1BE92518008112B0 /* Build configuration list for PBXNativeTarget "SGGameNetworking" */;
			buildPhases = (
				51F2BC361BE92518008112B0 /* Sources */,
				51F2BC371BE92518008112B0 /* Frameworks */,
				51F2BC381BE92518008112B0 /* Resources */,
				51F2BC6F1BE93938008112B0 /* Embed Frameworks */,
			);
			buildRules = (
			);
			dependencies = (
			);
			name = SGGameNetworking;
			productName = SGGameNetworking;
			productReference = 51F2BC3A1BE92518008112B0 /* SGGameNetworking.app */;
			productType = "com.apple.product-type.application";
		};
/* End PBXNativeTarget section */

/* Begin PBXProject section */
		51F2BC321BE92518008112B0 /* Project object */ = {
			isa = PBXProject;
			attributes = {
				LastSwiftUpdateCheck = 0710;
				LastUpgradeCheck = 0710;
				ORGANIZATIONNAME = "Sam Green";
				TargetAttributes = {
					51F2BC391BE92518008112B0 = {
						CreatedOnToolsVersion = 7.1;
					};
				};
			};
			buildConfigurationList = 51F2BC351BE92518008112B0 /* Build configuration list for PBXProject "SGGameNetworking" */;
			compatibilityVersion = "Xcode 3.2";
			developmentRegion = English;
			hasScannedForEncodings = 0;
			knownRegions = (
				en,
				Base,
			);
			mainGroup = 51F2BC311BE92518008112B0;
			productRefGroup = 51F2BC3B1BE92518008112B0 /* Products */;
			projectDirPath = "";
			projectRoot = "";
			targets = (
				51F2BC391BE92518008112B0 /* SGGameNetworking */,
			);
		};
/* End PBXProject section */

/* Begin PBXResourcesBuildPhase section */
		51F2BC381BE92518008112B0 /* Resources */ = {
			isa = PBXResourcesBuildPhase;
			buildActionMask = 2147483647;
			files = (
				51F2BC481BE92518008112B0 /* LaunchScreen.storyboard in Resources */,
				51F2BC451BE92518008112B0 /* Assets.xcassets in Resources */,
				51F2BC431BE92518008112B0 /* Main.storyboard in Resources */,
			);
			runOnlyForDeploymentPostprocessing = 0;
		};
/* End PBXResourcesBuildPhase section */

/* Begin PBXSourcesBuildPhase section */
		51F2BC361BE92518008112B0 /* Sources */ = {
			isa = PBXSourcesBuildPhase;
			buildActionMask = 2147483647;
			files = (
				51F2BC681BE92C1F008112B0 /* HostViewController.swift in Sources */,
				51F2BC621BE929D1008112B0 /* GCDAsyncSocket+ClientHelpers.swift in Sources */,
				51F2BC541BE9253C008112B0 /* SGGameServer.swift in Sources */,
				51F2BC6C1BE93264008112B0 /* GameViewController.swift in Sources */,
				51F2BC561BE9253C008112B0 /* GCDAsyncSocket+ServerHelpers.swift in Sources */,
				51F2BC601BE92620008112B0 /* SGGamePacket.swift in Sources */,
				51F2BC551BE9253C008112B0 /* SGGameServerNetService.swift in Sources */,
				51F2BC5E1BE92592008112B0 /* SGGamePlayer.swift in Sources */,
				51F2BC5A1BE9254A008112B0 /* SGGameClientNetServiceBrowser.swift in Sources */,
				51F2BC591BE9254A008112B0 /* SGGameClient.swift in Sources */,
				51F2BC6A1BE92C26008112B0 /* JoinViewController.swift in Sources */,
				51F2BC3E1BE92518008112B0 /* AppDelegate.swift in Sources */,
			);
			runOnlyForDeploymentPostprocessing = 0;
		};
/* End PBXSourcesBuildPhase section */

/* Begin PBXVariantGroup section */
		51F2BC411BE92518008112B0 /* Main.storyboard */ = {
			isa = PBXVariantGroup;
			children = (
				51F2BC421BE92518008112B0 /* Base */,
			);
			name = Main.storyboard;
			sourceTree = "<group>";
		};
		51F2BC461BE92518008112B0 /* LaunchScreen.storyboard */ = {
			isa = PBXVariantGroup;
			children = (
				51F2BC471BE92518008112B0 /* Base */,
			);
			name = LaunchScreen.storyboard;
			sourceTree = "<group>";
		};
/* End PBXVariantGroup section */

/* Begin XCBuildConfiguration section */
		51F2BC4A1BE92518008112B0 /* Debug */ = {
			isa = XCBuildConfiguration;
			buildSettings = {
				ALWAYS_SEARCH_USER_PATHS = NO;
				CLANG_CXX_LANGUAGE_STANDARD = "gnu++0x";
				CLANG_CXX_LIBRARY = "libc++";
				CLANG_ENABLE_MODULES = YES;
				CLANG_ENABLE_OBJC_ARC = YES;
				CLANG_WARN_BOOL_CONVERSION = YES;
				CLANG_WARN_CONSTANT_CONVERSION = YES;
				CLANG_WARN_DIRECT_OBJC_ISA_USAGE = YES_ERROR;
				CLANG_WARN_EMPTY_BODY = YES;
				CLANG_WARN_ENUM_CONVERSION = YES;
				CLANG_WARN_INT_CONVERSION = YES;
				CLANG_WARN_OBJC_ROOT_CLASS = YES_ERROR;
				CLANG_WARN_UNREACHABLE_CODE = YES;
				CLANG_WARN__DUPLICATE_METHOD_MATCH = YES;
				"CODE_SIGN_IDENTITY[sdk=iphoneos*]" = "iPhone Developer";
				COPY_PHASE_STRIP = NO;
				DEBUG_INFORMATION_FORMAT = dwarf;
				ENABLE_STRICT_OBJC_MSGSEND = YES;
				ENABLE_TESTABILITY = YES;
				GCC_C_LANGUAGE_STANDARD = gnu99;
				GCC_DYNAMIC_NO_PIC = NO;
				GCC_NO_COMMON_BLOCKS = YES;
				GCC_OPTIMIZATION_LEVEL = 0;
				GCC_PREPROCESSOR_DEFINITIONS = (
					"DEBUG=1",
					"$(inherited)",
				);
				GCC_WARN_64_TO_32_BIT_CONVERSION = YES;
				GCC_WARN_ABOUT_RETURN_TYPE = YES_ERROR;
				GCC_WARN_UNDECLARED_SELECTOR = YES;
				GCC_WARN_UNINITIALIZED_AUTOS = YES_AGGRESSIVE;
				GCC_WARN_UNUSED_FUNCTION = YES;
				GCC_WARN_UNUSED_VARIABLE = YES;
				IPHONEOS_DEPLOYMENT_TARGET = 9.1;
				MTL_ENABLE_DEBUG_INFO = YES;
				ONLY_ACTIVE_ARCH = YES;
				SDKROOT = iphoneos;
				SWIFT_OPTIMIZATION_LEVEL = "-Onone";
			};
			name = Debug;
		};
		51F2BC4B1BE92518008112B0 /* Release */ = {
			isa = XCBuildConfiguration;
			buildSettings = {
				ALWAYS_SEARCH_USER_PATHS = NO;
				CLANG_CXX_LANGUAGE_STANDARD = "gnu++0x";
				CLANG_CXX_LIBRARY = "libc++";
				CLANG_ENABLE_MODULES = YES;
				CLANG_ENABLE_OBJC_ARC = YES;
				CLANG_WARN_BOOL_CONVERSION = YES;
				CLANG_WARN_CONSTANT_CONVERSION = YES;
				CLANG_WARN_DIRECT_OBJC_ISA_USAGE = YES_ERROR;
				CLANG_WARN_EMPTY_BODY = YES;
				CLANG_WARN_ENUM_CONVERSION = YES;
				CLANG_WARN_INT_CONVERSION = YES;
				CLANG_WARN_OBJC_ROOT_CLASS = YES_ERROR;
				CLANG_WARN_UNREACHABLE_CODE = YES;
				CLANG_WARN__DUPLICATE_METHOD_MATCH = YES;
				"CODE_SIGN_IDENTITY[sdk=iphoneos*]" = "iPhone Developer";
				COPY_PHASE_STRIP = NO;
				DEBUG_INFORMATION_FORMAT = "dwarf-with-dsym";
				ENABLE_NS_ASSERTIONS = NO;
				ENABLE_STRICT_OBJC_MSGSEND = YES;
				GCC_C_LANGUAGE_STANDARD = gnu99;
				GCC_NO_COMMON_BLOCKS = YES;
				GCC_WARN_64_TO_32_BIT_CONVERSION = YES;
				GCC_WARN_ABOUT_RETURN_TYPE = YES_ERROR;
				GCC_WARN_UNDECLARED_SELECTOR = YES;
				GCC_WARN_UNINITIALIZED_AUTOS = YES_AGGRESSIVE;
				GCC_WARN_UNUSED_FUNCTION = YES;
				GCC_WARN_UNUSED_VARIABLE = YES;
				IPHONEOS_DEPLOYMENT_TARGET = 9.1;
				MTL_ENABLE_DEBUG_INFO = NO;
				SDKROOT = iphoneos;
				VALIDATE_PRODUCT = YES;
			};
			name = Release;
		};
		51F2BC4D1BE92518008112B0 /* Debug */ = {
			isa = XCBuildConfiguration;
			buildSettings = {
				ASSETCATALOG_COMPILER_APPICON_NAME = AppIcon;
				FRAMEWORK_SEARCH_PATHS = (
					"$(inherited)",
					"$(PROJECT_DIR)",
				);
				INFOPLIST_FILE = SGGameNetworking/Info.plist;
				LD_RUNPATH_SEARCH_PATHS = "$(inherited) @executable_path/Frameworks";
				PRODUCT_BUNDLE_IDENTIFIER = com.samgreen.SGGameNetworking;
				PRODUCT_NAME = "$(TARGET_NAME)";
			};
			name = Debug;
		};
		51F2BC4E1BE92518008112B0 /* Release */ = {
			isa = XCBuildConfiguration;
			buildSettings = {
				ASSETCATALOG_COMPILER_APPICON_NAME = AppIcon;
				FRAMEWORK_SEARCH_PATHS = (
					"$(inherited)",
					"$(PROJECT_DIR)",
				);
				INFOPLIST_FILE = SGGameNetworking/Info.plist;
				LD_RUNPATH_SEARCH_PATHS = "$(inherited) @executable_path/Frameworks";
				PRODUCT_BUNDLE_IDENTIFIER = com.samgreen.SGGameNetworking;
				PRODUCT_NAME = "$(TARGET_NAME)";
			};
			name = Release;
		};
/* End XCBuildConfiguration section */

/* Begin XCConfigurationList section */
		51F2BC351BE92518008112B0 /* Build configuration list for PBXProject "SGGameNetworking" */ = {
			isa = XCConfigurationList;
			buildConfigurations = (
				51F2BC4A1BE92518008112B0 /* Debug */,
				51F2BC4B1BE92518008112B0 /* Release */,
			);
			defaultConfigurationIsVisible = 0;
			defaultConfigurationName = Release;
		};
		51F2BC4C1BE92518008112B0 /* Build configuration list for PBXNativeTarget "SGGameNetworking" */ = {
			isa = XCConfigurationList;
			buildConfigurations = (
				51F2BC4D1BE92518008112B0 /* Debug */,
				51F2BC4E1BE92518008112B0 /* Release */,
			);
			defaultConfigurationIsVisible = 0;
			defaultConfigurationName = Release;
		};
/* End XCConfigurationList section */
	};
	rootObject = 51F2BC321BE92518008112B0 /* Project object */;
}
